// !$*UTF8*$!
{
	archiveVersion = 1;
	classes = {
	};
	objectVersion = 46;
	objects = {

/* Begin PBXBuildFile section */
		9C113C2B1D73E132009FA8F2 /* MyCustomAnnotation.m in Sources */ = {isa = PBXBuildFile; fileRef = 9C113C2A1D73E132009FA8F2 /* MyCustomAnnotation.m */; };
		9C113C2F1D74E4C6009FA8F2 /* pinAnnotation.png in Resources */ = {isa = PBXBuildFile; fileRef = 9C113C2E1D74E4C6009FA8F2 /* pinAnnotation.png */; };
		9C113C3B1D7502C4009FA8F2 /* backgroundLogin.png in Resources */ = {isa = PBXBuildFile; fileRef = 9C113C3A1D7502C4009FA8F2 /* backgroundLogin.png */; };
		9C113D491D768DCE009FA8F2 /* SlideNavigationContorllerAnimatorFade.m in Sources */ = {isa = PBXBuildFile; fileRef = 9C113D3B1D768DCE009FA8F2 /* SlideNavigationContorllerAnimatorFade.m */; };
		9C113D4A1D768DCE009FA8F2 /* SlideNavigationContorllerAnimatorScale.m in Sources */ = {isa = PBXBuildFile; fileRef = 9C113D3D1D768DCE009FA8F2 /* SlideNavigationContorllerAnimatorScale.m */; };
		9C113D4B1D768DCE009FA8F2 /* SlideNavigationContorllerAnimatorScaleAndFade.m in Sources */ = {isa = PBXBuildFile; fileRef = 9C113D3F1D768DCE009FA8F2 /* SlideNavigationContorllerAnimatorScaleAndFade.m */; };
		9C113D4C1D768DCE009FA8F2 /* SlideNavigationContorllerAnimatorSlide.m in Sources */ = {isa = PBXBuildFile; fileRef = 9C113D411D768DCE009FA8F2 /* SlideNavigationContorllerAnimatorSlide.m */; };
		9C113D4D1D768DCE009FA8F2 /* SlideNavigationContorllerAnimatorSlideAndFade.m in Sources */ = {isa = PBXBuildFile; fileRef = 9C113D431D768DCE009FA8F2 /* SlideNavigationContorllerAnimatorSlideAndFade.m */; };
		9C113D4E1D768DCE009FA8F2 /* menu-button.png in Resources */ = {isa = PBXBuildFile; fileRef = 9C113D451D768DCE009FA8F2 /* menu-button.png */; };
		9C113D4F1D768DCE009FA8F2 /* menu-button@2x.png in Resources */ = {isa = PBXBuildFile; fileRef = 9C113D461D768DCE009FA8F2 /* menu-button@2x.png */; };
		9C113D501D768DCE009FA8F2 /* SlideNavigationController.m in Sources */ = {isa = PBXBuildFile; fileRef = 9C113D481D768DCE009FA8F2 /* SlideNavigationController.m */; };
		9C113D531D76925F009FA8F2 /* LeftMenuViewController.m in Sources */ = {isa = PBXBuildFile; fileRef = 9C113D521D76925F009FA8F2 /* LeftMenuViewController.m */; };
		9C97E4321D70DA1C00C74DD6 /* AllItemsTableViewController.m in Sources */ = {isa = PBXBuildFile; fileRef = 9C97E4311D70DA1C00C74DD6 /* AllItemsTableViewController.m */; };
		9C97E4361D70DC1D00C74DD6 /* ItemMapViewController.m in Sources */ = {isa = PBXBuildFile; fileRef = 9C97E4351D70DC1D00C74DD6 /* ItemMapViewController.m */; };
		9C97E47E1D726C6C00C74DD6 /* newG-Bay.entitlements in Resources */ = {isa = PBXBuildFile; fileRef = 9C97E47D1D726C6C00C74DD6 /* newG-Bay.entitlements */; };
		9C97E4801D726CBD00C74DD6 /* MapKit.framework in Frameworks */ = {isa = PBXBuildFile; fileRef = 9C97E47F1D726CBD00C74DD6 /* MapKit.framework */; };
		9C9EA0691D6A7BB700D76334 /* MainViewController.m in Sources */ = {isa = PBXBuildFile; fileRef = 9C9EA0681D6A7BB700D76334 /* MainViewController.m */; };
		9C9EA06D1D6B1EC800D76334 /* GoogleService-Info.plist in Resources */ = {isa = PBXBuildFile; fileRef = 9C9EA06C1D6B1EC800D76334 /* GoogleService-Info.plist */; };
		9C9EA0701D6B983300D76334 /* Constants.m in Sources */ = {isa = PBXBuildFile; fileRef = 9C9EA06F1D6B983300D76334 /* Constants.m */; };
		9C9EA0731D6BAE8A00D76334 /* NewItemViewController.m in Sources */ = {isa = PBXBuildFile; fileRef = 9C9EA0721D6BAE8A00D76334 /* NewItemViewController.m */; };
		9C9EA0951D6D185100D76334 /* YourItemTableViewController.m in Sources */ = {isa = PBXBuildFile; fileRef = 9C9EA0941D6D185100D76334 /* YourItemTableViewController.m */; };
		9C9EA0981D6FAC9900D76334 /* Photos.framework in Frameworks */ = {isa = PBXBuildFile; fileRef = 9C9EA0971D6FAC9900D76334 /* Photos.framework */; };
		9CA60ACE1D693CA30081A5B5 /* main.m in Sources */ = {isa = PBXBuildFile; fileRef = 9CA60ACD1D693CA30081A5B5 /* main.m */; };
		9CA60AD11D693CA30081A5B5 /* AppDelegate.m in Sources */ = {isa = PBXBuildFile; fileRef = 9CA60AD01D693CA30081A5B5 /* AppDelegate.m */; };
		9CA60AD41D693CA30081A5B5 /* ViewController.m in Sources */ = {isa = PBXBuildFile; fileRef = 9CA60AD31D693CA30081A5B5 /* ViewController.m */; };
		9CA60AD91D693CA30081A5B5 /* Assets.xcassets in Resources */ = {isa = PBXBuildFile; fileRef = 9CA60AD81D693CA30081A5B5 /* Assets.xcassets */; };
		9CA60ADC1D693CA30081A5B5 /* LaunchScreen.storyboard in Resources */ = {isa = PBXBuildFile; fileRef = 9CA60ADA1D693CA30081A5B5 /* LaunchScreen.storyboard */; };
		9CA60AE71D693CA30081A5B5 /* newG_BayTests.m in Sources */ = {isa = PBXBuildFile; fileRef = 9CA60AE61D693CA30081A5B5 /* newG_BayTests.m */; };
		9CA60AF21D693CA30081A5B5 /* newG_BayUITests.m in Sources */ = {isa = PBXBuildFile; fileRef = 9CA60AF11D693CA30081A5B5 /* newG_BayUITests.m */; };
		9CA60B031D693CBC0081A5B5 /* ARCameraViewController.m in Sources */ = {isa = PBXBuildFile; fileRef = 9CA60B001D693CBC0081A5B5 /* ARCameraViewController.m */; };
		9CA60B041D693CBC0081A5B5 /* DetailsViewController.m in Sources */ = {isa = PBXBuildFile; fileRef = 9CA60B021D693CBC0081A5B5 /* DetailsViewController.m */; };
		9CA60B061D693CE20081A5B5 /* Main.storyboard in Resources */ = {isa = PBXBuildFile; fileRef = 9CA60B051D693CE20081A5B5 /* Main.storyboard */; };
		9CA60B1F1D693DB60081A5B5 /* ARController.m in Sources */ = {isa = PBXBuildFile; fileRef = 9CA60B0B1D693DB60081A5B5 /* ARController.m */; };
		9CA60B201D693DB60081A5B5 /* ARObject.m in Sources */ = {isa = PBXBuildFile; fileRef = 9CA60B0D1D693DB60081A5B5 /* ARObject.m */; };
		9CA60B211D693DB60081A5B5 /* ARObject.xib in Resources */ = {isa = PBXBuildFile; fileRef = 9CA60B0E1D693DB60081A5B5 /* ARObject.xib */; };
		9CA60B221D693DB60081A5B5 /* ar_icon.png in Resources */ = {isa = PBXBuildFile; fileRef = 9CA60B111D693DB60081A5B5 /* ar_icon.png */; };
		9CA60B231D693DB60081A5B5 /* ar_overlay.png in Resources */ = {isa = PBXBuildFile; fileRef = 9CA60B121D693DB60081A5B5 /* ar_overlay.png */; };
		9CA60B241D693DB60081A5B5 /* ar_overlay@2x.png in Resources */ = {isa = PBXBuildFile; fileRef = 9CA60B131D693DB60081A5B5 /* ar_overlay@2x.png */; };
		9CA60B251D693DB60081A5B5 /* Radar.png in Resources */ = {isa = PBXBuildFile; fileRef = 9CA60B141D693DB60081A5B5 /* Radar.png */; };
		9CA60B261D693DB60081A5B5 /* RadarMV.png in Resources */ = {isa = PBXBuildFile; fileRef = 9CA60B151D693DB60081A5B5 /* RadarMV.png */; };
		9CA60B271D693DB60081A5B5 /* ARRadar.m in Sources */ = {isa = PBXBuildFile; fileRef = 9CA60B181D693DB60081A5B5 /* ARRadar.m */; };
		9CA60B281D693DB60081A5B5 /* LocationMath.m in Sources */ = {isa = PBXBuildFile; fileRef = 9CA60B1A1D693DB60081A5B5 /* LocationMath.m */; };
		9CA60B291D693DB60081A5B5 /* PRARManager.m in Sources */ = {isa = PBXBuildFile; fileRef = 9CA60B1C1D693DB60081A5B5 /* PRARManager.m */; };
		9CA60B2A1D693DB60081A5B5 /* LICENSE in Resources */ = {isa = PBXBuildFile; fileRef = 9CA60B1D1D693DB60081A5B5 /* LICENSE */; };
		9CA60B341D693E640081A5B5 /* AVFoundation.framework in Frameworks */ = {isa = PBXBuildFile; fileRef = 9CA60B2C1D693E640081A5B5 /* AVFoundation.framework */; };
		9CA60B351D693E640081A5B5 /* CoreLocation.framework in Frameworks */ = {isa = PBXBuildFile; fileRef = 9CA60B2D1D693E640081A5B5 /* CoreLocation.framework */; };
		9CA60B361D693E640081A5B5 /* CoreMotion.framework in Frameworks */ = {isa = PBXBuildFile; fileRef = 9CA60B2E1D693E640081A5B5 /* CoreMotion.framework */; };
		9CA60B371D693E640081A5B5 /* Foundation.framework in Frameworks */ = {isa = PBXBuildFile; fileRef = 9CA60B2F1D693E640081A5B5 /* Foundation.framework */; };
		9CA60B391D693E640081A5B5 /* MobileCoreServices.framework in Frameworks */ = {isa = PBXBuildFile; fileRef = 9CA60B311D693E640081A5B5 /* MobileCoreServices.framework */; };
		9CA60B3A1D693E640081A5B5 /* QuartzCore.framework in Frameworks */ = {isa = PBXBuildFile; fileRef = 9CA60B321D693E640081A5B5 /* QuartzCore.framework */; };
		9CA60B3B1D693E640081A5B5 /* SystemConfiguration.framework in Frameworks */ = {isa = PBXBuildFile; fileRef = 9CA60B331D693E640081A5B5 /* SystemConfiguration.framework */; };
		9CBDCA5B1D78E98700690927 /* AddressLocationCell.m in Sources */ = {isa = PBXBuildFile; fileRef = 9CBDCA4F1D78E98700690927 /* AddressLocationCell.m */; };
		9CBDCA5C1D78E98700690927 /* AddressLocationCell.xib in Resources */ = {isa = PBXBuildFile; fileRef = 9CBDCA501D78E98700690927 /* AddressLocationCell.xib */; };
		9CBDCA5D1D78E98700690927 /* AddressLocationDetail.xib in Resources */ = {isa = PBXBuildFile; fileRef = 9CBDCA511D78E98700690927 /* AddressLocationDetail.xib */; };
		9CBDCA5E1D78E98700690927 /* DetailLocationCell.m in Sources */ = {isa = PBXBuildFile; fileRef = 9CBDCA531D78E98700690927 /* DetailLocationCell.m */; };
		9CBDCA5F1D78E98700690927 /* DetailLocationCell.xib in Resources */ = {isa = PBXBuildFile; fileRef = 9CBDCA541D78E98700690927 /* DetailLocationCell.xib */; };
		9CBDCA601D78E98700690927 /* TipCell.m in Sources */ = {isa = PBXBuildFile; fileRef = 9CBDCA561D78E98700690927 /* TipCell.m */; };
		9CBDCA611D78E98700690927 /* TipCell.xib in Resources */ = {isa = PBXBuildFile; fileRef = 9CBDCA571D78E98700690927 /* TipCell.xib */; };
		9CBDCA6C1D78ECBC00690927 /* TipCells.m in Sources */ = {isa = PBXBuildFile; fileRef = 9CBDCA6A1D78ECBC00690927 /* TipCells.m */; };
		9CBDCA6D1D78ECBC00690927 /* TipCells.xib in Resources */ = {isa = PBXBuildFile; fileRef = 9CBDCA6B1D78ECBC00690927 /* TipCells.xib */; };
		9CBDCA701D78F0ED00690927 /* TGAnnotation.m in Sources */ = {isa = PBXBuildFile; fileRef = 9CBDCA6F1D78F0ED00690927 /* TGAnnotation.m */; };
		9CBDCA741D791CC100690927 /* ANTagsView.m in Sources */ = {isa = PBXBuildFile; fileRef = 9CBDCA731D791CC100690927 /* ANTagsView.m */; };
		9CBDCA7A1D7927DF00690927 /* AHTag.m in Sources */ = {isa = PBXBuildFile; fileRef = 9CBDCA771D7927DF00690927 /* AHTag.m */; };
		9CBDCA7B1D7927DF00690927 /* TagGroups.m in Sources */ = {isa = PBXBuildFile; fileRef = 9CBDCA791D7927DF00690927 /* TagGroups.m */; };
		9CBDCA841D7927E400690927 /* AHTagsLabel.m in Sources */ = {isa = PBXBuildFile; fileRef = 9CBDCA7E1D7927E400690927 /* AHTagsLabel.m */; };
		9CBDCA851D7927E400690927 /* AHTagTableViewCell.m in Sources */ = {isa = PBXBuildFile; fileRef = 9CBDCA801D7927E400690927 /* AHTagTableViewCell.m */; };
		9CBDCA861D7927E400690927 /* AHTagTableViewCell.xib in Resources */ = {isa = PBXBuildFile; fileRef = 9CBDCA811D7927E400690927 /* AHTagTableViewCell.xib */; };
		9CBDCA871D7927E400690927 /* AHTagView.m in Sources */ = {isa = PBXBuildFile; fileRef = 9CBDCA831D7927E400690927 /* AHTagView.m */; };
		B619A451BB72B8DB9CA1FCCD /* libPods-newG-Bay.a in Frameworks */ = {isa = PBXBuildFile; fileRef = 027B56D3FA2FBD8E524860D0 /* libPods-newG-Bay.a */; };
/* End PBXBuildFile section */

/* Begin PBXContainerItemProxy section */
		9CA60AE31D693CA30081A5B5 /* PBXContainerItemProxy */ = {
			isa = PBXContainerItemProxy;
			containerPortal = 9CA60AC11D693CA30081A5B5 /* Project object */;
			proxyType = 1;
			remoteGlobalIDString = 9CA60AC81D693CA30081A5B5;
			remoteInfo = "newG-Bay";
		};
		9CA60AEE1D693CA30081A5B5 /* PBXContainerItemProxy */ = {
			isa = PBXContainerItemProxy;
			containerPortal = 9CA60AC11D693CA30081A5B5 /* Project object */;
			proxyType = 1;
			remoteGlobalIDString = 9CA60AC81D693CA30081A5B5;
			remoteInfo = "newG-Bay";
		};
/* End PBXContainerItemProxy section */

/* Begin PBXFileReference section */
		027B56D3FA2FBD8E524860D0 /* libPods-newG-Bay.a */ = {isa = PBXFileReference; explicitFileType = archive.ar; includeInIndex = 0; path = "libPods-newG-Bay.a"; sourceTree = BUILT_PRODUCTS_DIR; };
		44D22E76E375D619D2A2A36D /* Pods-newG-Bay.release.xcconfig */ = {isa = PBXFileReference; includeInIndex = 1; lastKnownFileType = text.xcconfig; name = "Pods-newG-Bay.release.xcconfig"; path = "Pods/Target Support Files/Pods-newG-Bay/Pods-newG-Bay.release.xcconfig"; sourceTree = "<group>"; };
		632DF3EE1FF1A079E6933B54 /* Pods-newG-Bay.debug.xcconfig */ = {isa = PBXFileReference; includeInIndex = 1; lastKnownFileType = text.xcconfig; name = "Pods-newG-Bay.debug.xcconfig"; path = "Pods/Target Support Files/Pods-newG-Bay/Pods-newG-Bay.debug.xcconfig"; sourceTree = "<group>"; };
		9C113C291D73E132009FA8F2 /* MyCustomAnnotation.h */ = {isa = PBXFileReference; fileEncoding = 4; lastKnownFileType = sourcecode.c.h; path = MyCustomAnnotation.h; sourceTree = "<group>"; };
		9C113C2A1D73E132009FA8F2 /* MyCustomAnnotation.m */ = {isa = PBXFileReference; fileEncoding = 4; lastKnownFileType = sourcecode.c.objc; path = MyCustomAnnotation.m; sourceTree = "<group>"; };
		9C113C2E1D74E4C6009FA8F2 /* pinAnnotation.png */ = {isa = PBXFileReference; lastKnownFileType = image.png; path = pinAnnotation.png; sourceTree = "<group>"; };
		9C113C3A1D7502C4009FA8F2 /* backgroundLogin.png */ = {isa = PBXFileReference; lastKnownFileType = image.png; path = backgroundLogin.png; sourceTree = "<group>"; };
		9C113D391D768DCE009FA8F2 /* SlideNavigationContorllerAnimator.h */ = {isa = PBXFileReference; fileEncoding = 4; lastKnownFileType = sourcecode.c.h; path = SlideNavigationContorllerAnimator.h; sourceTree = "<group>"; };
		9C113D3A1D768DCE009FA8F2 /* SlideNavigationContorllerAnimatorFade.h */ = {isa = PBXFileReference; fileEncoding = 4; lastKnownFileType = sourcecode.c.h; path = SlideNavigationContorllerAnimatorFade.h; sourceTree = "<group>"; };
		9C113D3B1D768DCE009FA8F2 /* SlideNavigationContorllerAnimatorFade.m */ = {isa = PBXFileReference; fileEncoding = 4; lastKnownFileType = sourcecode.c.objc; path = SlideNavigationContorllerAnimatorFade.m; sourceTree = "<group>"; };
		9C113D3C1D768DCE009FA8F2 /* SlideNavigationContorllerAnimatorScale.h */ = {isa = PBXFileReference; fileEncoding = 4; lastKnownFileType = sourcecode.c.h; path = SlideNavigationContorllerAnimatorScale.h; sourceTree = "<group>"; };
		9C113D3D1D768DCE009FA8F2 /* SlideNavigationContorllerAnimatorScale.m */ = {isa = PBXFileReference; fileEncoding = 4; lastKnownFileType = sourcecode.c.objc; path = SlideNavigationContorllerAnimatorScale.m; sourceTree = "<group>"; };
		9C113D3E1D768DCE009FA8F2 /* SlideNavigationContorllerAnimatorScaleAndFade.h */ = {isa = PBXFileReference; fileEncoding = 4; lastKnownFileType = sourcecode.c.h; path = SlideNavigationContorllerAnimatorScaleAndFade.h; sourceTree = "<group>"; };
		9C113D3F1D768DCE009FA8F2 /* SlideNavigationContorllerAnimatorScaleAndFade.m */ = {isa = PBXFileReference; fileEncoding = 4; lastKnownFileType = sourcecode.c.objc; path = SlideNavigationContorllerAnimatorScaleAndFade.m; sourceTree = "<group>"; };
		9C113D401D768DCE009FA8F2 /* SlideNavigationContorllerAnimatorSlide.h */ = {isa = PBXFileReference; fileEncoding = 4; lastKnownFileType = sourcecode.c.h; path = SlideNavigationContorllerAnimatorSlide.h; sourceTree = "<group>"; };
		9C113D411D768DCE009FA8F2 /* SlideNavigationContorllerAnimatorSlide.m */ = {isa = PBXFileReference; fileEncoding = 4; lastKnownFileType = sourcecode.c.objc; path = SlideNavigationContorllerAnimatorSlide.m; sourceTree = "<group>"; };
		9C113D421D768DCE009FA8F2 /* SlideNavigationContorllerAnimatorSlideAndFade.h */ = {isa = PBXFileReference; fileEncoding = 4; lastKnownFileType = sourcecode.c.h; path = SlideNavigationContorllerAnimatorSlideAndFade.h; sourceTree = "<group>"; };
		9C113D431D768DCE009FA8F2 /* SlideNavigationContorllerAnimatorSlideAndFade.m */ = {isa = PBXFileReference; fileEncoding = 4; lastKnownFileType = sourcecode.c.objc; path = SlideNavigationContorllerAnimatorSlideAndFade.m; sourceTree = "<group>"; };
		9C113D451D768DCE009FA8F2 /* menu-button.png */ = {isa = PBXFileReference; lastKnownFileType = image.png; path = "menu-button.png"; sourceTree = "<group>"; };
		9C113D461D768DCE009FA8F2 /* menu-button@2x.png */ = {isa = PBXFileReference; lastKnownFileType = image.png; path = "menu-button@2x.png"; sourceTree = "<group>"; };
		9C113D471D768DCE009FA8F2 /* SlideNavigationController.h */ = {isa = PBXFileReference; fileEncoding = 4; lastKnownFileType = sourcecode.c.h; path = SlideNavigationController.h; sourceTree = "<group>"; };
		9C113D481D768DCE009FA8F2 /* SlideNavigationController.m */ = {isa = PBXFileReference; fileEncoding = 4; lastKnownFileType = sourcecode.c.objc; path = SlideNavigationController.m; sourceTree = "<group>"; };
		9C113D511D76925F009FA8F2 /* LeftMenuViewController.h */ = {isa = PBXFileReference; fileEncoding = 4; lastKnownFileType = sourcecode.c.h; path = LeftMenuViewController.h; sourceTree = "<group>"; };
		9C113D521D76925F009FA8F2 /* LeftMenuViewController.m */ = {isa = PBXFileReference; fileEncoding = 4; lastKnownFileType = sourcecode.c.objc; path = LeftMenuViewController.m; sourceTree = "<group>"; };
		9C97E4311D70DA1C00C74DD6 /* AllItemsTableViewController.m */ = {isa = PBXFileReference; fileEncoding = 4; lastKnownFileType = sourcecode.c.objc; path = AllItemsTableViewController.m; sourceTree = "<group>"; };
		9C97E4331D70DA3B00C74DD6 /* AllItemsTableViewController.h */ = {isa = PBXFileReference; fileEncoding = 4; lastKnownFileType = sourcecode.c.h; path = AllItemsTableViewController.h; sourceTree = "<group>"; };
		9C97E4341D70DC1D00C74DD6 /* ItemMapViewController.h */ = {isa = PBXFileReference; fileEncoding = 4; lastKnownFileType = sourcecode.c.h; path = ItemMapViewController.h; sourceTree = "<group>"; };
		9C97E4351D70DC1D00C74DD6 /* ItemMapViewController.m */ = {isa = PBXFileReference; fileEncoding = 4; lastKnownFileType = sourcecode.c.objc; path = ItemMapViewController.m; sourceTree = "<group>"; };
		9C97E47B1D7269EC00C74DD6 /* Info.plist */ = {isa = PBXFileReference; fileEncoding = 4; lastKnownFileType = text.plist.xml; path = Info.plist; sourceTree = "<group>"; };
		9C97E47D1D726C6C00C74DD6 /* newG-Bay.entitlements */ = {isa = PBXFileReference; fileEncoding = 4; lastKnownFileType = text.xml; path = "newG-Bay.entitlements"; sourceTree = "<group>"; };
		9C97E47F1D726CBD00C74DD6 /* MapKit.framework */ = {isa = PBXFileReference; lastKnownFileType = wrapper.framework; name = MapKit.framework; path = System/Library/Frameworks/MapKit.framework; sourceTree = SDKROOT; };
		9C9EA0671D6A7BB700D76334 /* MainViewController.h */ = {isa = PBXFileReference; fileEncoding = 4; lastKnownFileType = sourcecode.c.h; path = MainViewController.h; sourceTree = "<group>"; };
		9C9EA0681D6A7BB700D76334 /* MainViewController.m */ = {isa = PBXFileReference; fileEncoding = 4; lastKnownFileType = sourcecode.c.objc; path = MainViewController.m; sourceTree = "<group>"; };
		9C9EA06C1D6B1EC800D76334 /* GoogleService-Info.plist */ = {isa = PBXFileReference; fileEncoding = 4; lastKnownFileType = text.plist.xml; path = "GoogleService-Info.plist"; sourceTree = "<group>"; };
		9C9EA06E1D6B983300D76334 /* Constants.h */ = {isa = PBXFileReference; fileEncoding = 4; lastKnownFileType = sourcecode.c.h; path = Constants.h; sourceTree = "<group>"; };
		9C9EA06F1D6B983300D76334 /* Constants.m */ = {isa = PBXFileReference; fileEncoding = 4; lastKnownFileType = sourcecode.c.objc; path = Constants.m; sourceTree = "<group>"; };
		9C9EA0711D6BAE8A00D76334 /* NewItemViewController.h */ = {isa = PBXFileReference; fileEncoding = 4; lastKnownFileType = sourcecode.c.h; path = NewItemViewController.h; sourceTree = "<group>"; };
		9C9EA0721D6BAE8A00D76334 /* NewItemViewController.m */ = {isa = PBXFileReference; fileEncoding = 4; lastKnownFileType = sourcecode.c.objc; path = NewItemViewController.m; sourceTree = "<group>"; };
		9C9EA0931D6D185100D76334 /* YourItemTableViewController.h */ = {isa = PBXFileReference; fileEncoding = 4; lastKnownFileType = sourcecode.c.h; path = YourItemTableViewController.h; sourceTree = "<group>"; };
		9C9EA0941D6D185100D76334 /* YourItemTableViewController.m */ = {isa = PBXFileReference; fileEncoding = 4; lastKnownFileType = sourcecode.c.objc; path = YourItemTableViewController.m; sourceTree = "<group>"; };
		9C9EA0971D6FAC9900D76334 /* Photos.framework */ = {isa = PBXFileReference; lastKnownFileType = wrapper.framework; name = Photos.framework; path = System/Library/Frameworks/Photos.framework; sourceTree = SDKROOT; };
		9CA60AC91D693CA30081A5B5 /* newG-Bay.app */ = {isa = PBXFileReference; explicitFileType = wrapper.application; includeInIndex = 0; path = "newG-Bay.app"; sourceTree = BUILT_PRODUCTS_DIR; };
		9CA60ACD1D693CA30081A5B5 /* main.m */ = {isa = PBXFileReference; lastKnownFileType = sourcecode.c.objc; path = main.m; sourceTree = "<group>"; };
		9CA60ACF1D693CA30081A5B5 /* AppDelegate.h */ = {isa = PBXFileReference; lastKnownFileType = sourcecode.c.h; path = AppDelegate.h; sourceTree = "<group>"; };
		9CA60AD01D693CA30081A5B5 /* AppDelegate.m */ = {isa = PBXFileReference; lastKnownFileType = sourcecode.c.objc; path = AppDelegate.m; sourceTree = "<group>"; };
		9CA60AD21D693CA30081A5B5 /* ViewController.h */ = {isa = PBXFileReference; lastKnownFileType = sourcecode.c.h; path = ViewController.h; sourceTree = "<group>"; };
		9CA60AD31D693CA30081A5B5 /* ViewController.m */ = {isa = PBXFileReference; lastKnownFileType = sourcecode.c.objc; path = ViewController.m; sourceTree = "<group>"; };
		9CA60AD81D693CA30081A5B5 /* Assets.xcassets */ = {isa = PBXFileReference; lastKnownFileType = folder.assetcatalog; path = Assets.xcassets; sourceTree = "<group>"; };
		9CA60ADB1D693CA30081A5B5 /* Base */ = {isa = PBXFileReference; lastKnownFileType = file.storyboard; name = Base; path = Base.lproj/LaunchScreen.storyboard; sourceTree = "<group>"; };
		9CA60AE21D693CA30081A5B5 /* newG-BayTests.xctest */ = {isa = PBXFileReference; explicitFileType = wrapper.cfbundle; includeInIndex = 0; path = "newG-BayTests.xctest"; sourceTree = BUILT_PRODUCTS_DIR; };
		9CA60AE61D693CA30081A5B5 /* newG_BayTests.m */ = {isa = PBXFileReference; lastKnownFileType = sourcecode.c.objc; path = newG_BayTests.m; sourceTree = "<group>"; };
		9CA60AE81D693CA30081A5B5 /* Info.plist */ = {isa = PBXFileReference; lastKnownFileType = text.plist.xml; path = Info.plist; sourceTree = "<group>"; };
		9CA60AED1D693CA30081A5B5 /* newG-BayUITests.xctest */ = {isa = PBXFileReference; explicitFileType = wrapper.cfbundle; includeInIndex = 0; path = "newG-BayUITests.xctest"; sourceTree = BUILT_PRODUCTS_DIR; };
		9CA60AF11D693CA30081A5B5 /* newG_BayUITests.m */ = {isa = PBXFileReference; lastKnownFileType = sourcecode.c.objc; path = newG_BayUITests.m; sourceTree = "<group>"; };
		9CA60AF31D693CA30081A5B5 /* Info.plist */ = {isa = PBXFileReference; lastKnownFileType = text.plist.xml; path = Info.plist; sourceTree = "<group>"; };
		9CA60AFF1D693CBC0081A5B5 /* ARCameraViewController.h */ = {isa = PBXFileReference; fileEncoding = 4; lastKnownFileType = sourcecode.c.h; path = ARCameraViewController.h; sourceTree = "<group>"; };
		9CA60B001D693CBC0081A5B5 /* ARCameraViewController.m */ = {isa = PBXFileReference; fileEncoding = 4; lastKnownFileType = sourcecode.c.objc; path = ARCameraViewController.m; sourceTree = "<group>"; };
		9CA60B011D693CBC0081A5B5 /* DetailsViewController.h */ = {isa = PBXFileReference; fileEncoding = 4; lastKnownFileType = sourcecode.c.h; path = DetailsViewController.h; sourceTree = "<group>"; };
		9CA60B021D693CBC0081A5B5 /* DetailsViewController.m */ = {isa = PBXFileReference; fileEncoding = 4; lastKnownFileType = sourcecode.c.objc; path = DetailsViewController.m; sourceTree = "<group>"; };
		9CA60B051D693CE20081A5B5 /* Main.storyboard */ = {isa = PBXFileReference; fileEncoding = 4; lastKnownFileType = file.storyboard; path = Main.storyboard; sourceTree = "<group>"; };
		9CA60B0A1D693DB60081A5B5 /* ARController.h */ = {isa = PBXFileReference; fileEncoding = 4; lastKnownFileType = sourcecode.c.h; path = ARController.h; sourceTree = "<group>"; };
		9CA60B0B1D693DB60081A5B5 /* ARController.m */ = {isa = PBXFileReference; fileEncoding = 4; lastKnownFileType = sourcecode.c.objc; path = ARController.m; sourceTree = "<group>"; };
		9CA60B0C1D693DB60081A5B5 /* ARObject.h */ = {isa = PBXFileReference; fileEncoding = 4; lastKnownFileType = sourcecode.c.h; path = ARObject.h; sourceTree = "<group>"; };
		9CA60B0D1D693DB60081A5B5 /* ARObject.m */ = {isa = PBXFileReference; fileEncoding = 4; lastKnownFileType = sourcecode.c.objc; path = ARObject.m; sourceTree = "<group>"; };
		9CA60B0E1D693DB60081A5B5 /* ARObject.xib */ = {isa = PBXFileReference; fileEncoding = 4; lastKnownFileType = file.xib; path = ARObject.xib; sourceTree = "<group>"; };
		9CA60B0F1D693DB60081A5B5 /* ARSettings.h */ = {isa = PBXFileReference; fileEncoding = 4; lastKnownFileType = sourcecode.c.h; path = ARSettings.h; sourceTree = "<group>"; };
		9CA60B111D693DB60081A5B5 /* ar_icon.png */ = {isa = PBXFileReference; lastKnownFileType = image.png; path = ar_icon.png; sourceTree = "<group>"; };
		9CA60B121D693DB60081A5B5 /* ar_overlay.png */ = {isa = PBXFileReference; lastKnownFileType = image.png; path = ar_overlay.png; sourceTree = "<group>"; };
		9CA60B131D693DB60081A5B5 /* ar_overlay@2x.png */ = {isa = PBXFileReference; lastKnownFileType = image.png; path = "ar_overlay@2x.png"; sourceTree = "<group>"; };
		9CA60B141D693DB60081A5B5 /* Radar.png */ = {isa = PBXFileReference; lastKnownFileType = image.png; path = Radar.png; sourceTree = "<group>"; };
		9CA60B151D693DB60081A5B5 /* RadarMV.png */ = {isa = PBXFileReference; lastKnownFileType = image.png; path = RadarMV.png; sourceTree = "<group>"; };
		9CA60B171D693DB60081A5B5 /* ARRadar.h */ = {isa = PBXFileReference; fileEncoding = 4; lastKnownFileType = sourcecode.c.h; path = ARRadar.h; sourceTree = "<group>"; };
		9CA60B181D693DB60081A5B5 /* ARRadar.m */ = {isa = PBXFileReference; fileEncoding = 4; lastKnownFileType = sourcecode.c.objc; path = ARRadar.m; sourceTree = "<group>"; };
		9CA60B191D693DB60081A5B5 /* LocationMath.h */ = {isa = PBXFileReference; fileEncoding = 4; lastKnownFileType = sourcecode.c.h; path = LocationMath.h; sourceTree = "<group>"; };
		9CA60B1A1D693DB60081A5B5 /* LocationMath.m */ = {isa = PBXFileReference; fileEncoding = 4; lastKnownFileType = sourcecode.c.objc; path = LocationMath.m; sourceTree = "<group>"; };
		9CA60B1B1D693DB60081A5B5 /* PRARManager.h */ = {isa = PBXFileReference; fileEncoding = 4; lastKnownFileType = sourcecode.c.h; path = PRARManager.h; sourceTree = "<group>"; };
		9CA60B1C1D693DB60081A5B5 /* PRARManager.m */ = {isa = PBXFileReference; fileEncoding = 4; lastKnownFileType = sourcecode.c.objc; path = PRARManager.m; sourceTree = "<group>"; };
		9CA60B1D1D693DB60081A5B5 /* LICENSE */ = {isa = PBXFileReference; fileEncoding = 4; lastKnownFileType = text; path = LICENSE; sourceTree = "<group>"; };
		9CA60B2C1D693E640081A5B5 /* AVFoundation.framework */ = {isa = PBXFileReference; lastKnownFileType = wrapper.framework; name = AVFoundation.framework; path = System/Library/Frameworks/AVFoundation.framework; sourceTree = SDKROOT; };
		9CA60B2D1D693E640081A5B5 /* CoreLocation.framework */ = {isa = PBXFileReference; lastKnownFileType = wrapper.framework; name = CoreLocation.framework; path = System/Library/Frameworks/CoreLocation.framework; sourceTree = SDKROOT; };
		9CA60B2E1D693E640081A5B5 /* CoreMotion.framework */ = {isa = PBXFileReference; lastKnownFileType = wrapper.framework; name = CoreMotion.framework; path = System/Library/Frameworks/CoreMotion.framework; sourceTree = SDKROOT; };
		9CA60B2F1D693E640081A5B5 /* Foundation.framework */ = {isa = PBXFileReference; lastKnownFileType = wrapper.framework; name = Foundation.framework; path = System/Library/Frameworks/Foundation.framework; sourceTree = SDKROOT; };
		9CA60B311D693E640081A5B5 /* MobileCoreServices.framework */ = {isa = PBXFileReference; lastKnownFileType = wrapper.framework; name = MobileCoreServices.framework; path = System/Library/Frameworks/MobileCoreServices.framework; sourceTree = SDKROOT; };
		9CA60B321D693E640081A5B5 /* QuartzCore.framework */ = {isa = PBXFileReference; lastKnownFileType = wrapper.framework; name = QuartzCore.framework; path = System/Library/Frameworks/QuartzCore.framework; sourceTree = SDKROOT; };
		9CA60B331D693E640081A5B5 /* SystemConfiguration.framework */ = {isa = PBXFileReference; lastKnownFileType = wrapper.framework; name = SystemConfiguration.framework; path = System/Library/Frameworks/SystemConfiguration.framework; sourceTree = SDKROOT; };
		9CBDCA4E1D78E98700690927 /* AddressLocationCell.h */ = {isa = PBXFileReference; fileEncoding = 4; lastKnownFileType = sourcecode.c.h; path = AddressLocationCell.h; sourceTree = "<group>"; };
		9CBDCA4F1D78E98700690927 /* AddressLocationCell.m */ = {isa = PBXFileReference; fileEncoding = 4; lastKnownFileType = sourcecode.c.objc; path = AddressLocationCell.m; sourceTree = "<group>"; };
		9CBDCA501D78E98700690927 /* AddressLocationCell.xib */ = {isa = PBXFileReference; fileEncoding = 4; lastKnownFileType = file.xib; path = AddressLocationCell.xib; sourceTree = "<group>"; };
		9CBDCA511D78E98700690927 /* AddressLocationDetail.xib */ = {isa = PBXFileReference; fileEncoding = 4; lastKnownFileType = file.xib; path = AddressLocationDetail.xib; sourceTree = "<group>"; };
		9CBDCA521D78E98700690927 /* DetailLocationCell.h */ = {isa = PBXFileReference; fileEncoding = 4; lastKnownFileType = sourcecode.c.h; path = DetailLocationCell.h; sourceTree = "<group>"; };
		9CBDCA531D78E98700690927 /* DetailLocationCell.m */ = {isa = PBXFileReference; fileEncoding = 4; lastKnownFileType = sourcecode.c.objc; path = DetailLocationCell.m; sourceTree = "<group>"; };
		9CBDCA541D78E98700690927 /* DetailLocationCell.xib */ = {isa = PBXFileReference; fileEncoding = 4; lastKnownFileType = file.xib; path = DetailLocationCell.xib; sourceTree = "<group>"; };
		9CBDCA551D78E98700690927 /* TipCell.h */ = {isa = PBXFileReference; fileEncoding = 4; lastKnownFileType = sourcecode.c.h; path = TipCell.h; sourceTree = "<group>"; };
		9CBDCA561D78E98700690927 /* TipCell.m */ = {isa = PBXFileReference; fileEncoding = 4; lastKnownFileType = sourcecode.c.objc; path = TipCell.m; sourceTree = "<group>"; };
		9CBDCA571D78E98700690927 /* TipCell.xib */ = {isa = PBXFileReference; fileEncoding = 4; lastKnownFileType = file.xib; path = TipCell.xib; sourceTree = "<group>"; };
		9CBDCA691D78ECBC00690927 /* TipCells.h */ = {isa = PBXFileReference; fileEncoding = 4; lastKnownFileType = sourcecode.c.h; path = TipCells.h; sourceTree = "<group>"; };
		9CBDCA6A1D78ECBC00690927 /* TipCells.m */ = {isa = PBXFileReference; fileEncoding = 4; lastKnownFileType = sourcecode.c.objc; path = TipCells.m; sourceTree = "<group>"; };
		9CBDCA6B1D78ECBC00690927 /* TipCells.xib */ = {isa = PBXFileReference; fileEncoding = 4; lastKnownFileType = file.xib; path = TipCells.xib; sourceTree = "<group>"; };
		9CBDCA6E1D78F0ED00690927 /* TGAnnotation.h */ = {isa = PBXFileReference; fileEncoding = 4; lastKnownFileType = sourcecode.c.h; path = TGAnnotation.h; sourceTree = "<group>"; };
		9CBDCA6F1D78F0ED00690927 /* TGAnnotation.m */ = {isa = PBXFileReference; fileEncoding = 4; lastKnownFileType = sourcecode.c.objc; path = TGAnnotation.m; sourceTree = "<group>"; };
		9CBDCA721D791CC100690927 /* ANTagsView.h */ = {isa = PBXFileReference; fileEncoding = 4; lastKnownFileType = sourcecode.c.h; path = ANTagsView.h; sourceTree = "<group>"; };
		9CBDCA731D791CC100690927 /* ANTagsView.m */ = {isa = PBXFileReference; fileEncoding = 4; lastKnownFileType = sourcecode.c.objc; path = ANTagsView.m; sourceTree = "<group>"; };
		9CBDCA761D7927DF00690927 /* AHTag.h */ = {isa = PBXFileReference; fileEncoding = 4; lastKnownFileType = sourcecode.c.h; path = AHTag.h; sourceTree = "<group>"; };
		9CBDCA771D7927DF00690927 /* AHTag.m */ = {isa = PBXFileReference; fileEncoding = 4; lastKnownFileType = sourcecode.c.objc; path = AHTag.m; sourceTree = "<group>"; };
		9CBDCA781D7927DF00690927 /* TagGroups.h */ = {isa = PBXFileReference; fileEncoding = 4; lastKnownFileType = sourcecode.c.h; path = TagGroups.h; sourceTree = "<group>"; };
		9CBDCA791D7927DF00690927 /* TagGroups.m */ = {isa = PBXFileReference; fileEncoding = 4; lastKnownFileType = sourcecode.c.objc; path = TagGroups.m; sourceTree = "<group>"; };
		9CBDCA7D1D7927E400690927 /* AHTagsLabel.h */ = {isa = PBXFileReference; fileEncoding = 4; lastKnownFileType = sourcecode.c.h; path = AHTagsLabel.h; sourceTree = "<group>"; };
		9CBDCA7E1D7927E400690927 /* AHTagsLabel.m */ = {isa = PBXFileReference; fileEncoding = 4; lastKnownFileType = sourcecode.c.objc; path = AHTagsLabel.m; sourceTree = "<group>"; };
		9CBDCA7F1D7927E400690927 /* AHTagTableViewCell.h */ = {isa = PBXFileReference; fileEncoding = 4; lastKnownFileType = sourcecode.c.h; path = AHTagTableViewCell.h; sourceTree = "<group>"; };
		9CBDCA801D7927E400690927 /* AHTagTableViewCell.m */ = {isa = PBXFileReference; fileEncoding = 4; lastKnownFileType = sourcecode.c.objc; path = AHTagTableViewCell.m; sourceTree = "<group>"; };
		9CBDCA811D7927E400690927 /* AHTagTableViewCell.xib */ = {isa = PBXFileReference; fileEncoding = 4; lastKnownFileType = file.xib; path = AHTagTableViewCell.xib; sourceTree = "<group>"; };
		9CBDCA821D7927E400690927 /* AHTagView.h */ = {isa = PBXFileReference; fileEncoding = 4; lastKnownFileType = sourcecode.c.h; path = AHTagView.h; sourceTree = "<group>"; };
		9CBDCA831D7927E400690927 /* AHTagView.m */ = {isa = PBXFileReference; fileEncoding = 4; lastKnownFileType = sourcecode.c.objc; path = AHTagView.m; sourceTree = "<group>"; };
/* End PBXFileReference section */

/* Begin PBXFrameworksBuildPhase section */
		9CA60AC61D693CA30081A5B5 /* Frameworks */ = {
			isa = PBXFrameworksBuildPhase;
			buildActionMask = 2147483647;
			files = (
				9C9EA0981D6FAC9900D76334 /* Photos.framework in Frameworks */,
				9CA60B341D693E640081A5B5 /* AVFoundation.framework in Frameworks */,
				9C97E4801D726CBD00C74DD6 /* MapKit.framework in Frameworks */,
				9CA60B351D693E640081A5B5 /* CoreLocation.framework in Frameworks */,
				9CA60B361D693E640081A5B5 /* CoreMotion.framework in Frameworks */,
				9CA60B371D693E640081A5B5 /* Foundation.framework in Frameworks */,
				9CA60B391D693E640081A5B5 /* MobileCoreServices.framework in Frameworks */,
				9CA60B3A1D693E640081A5B5 /* QuartzCore.framework in Frameworks */,
				9CA60B3B1D693E640081A5B5 /* SystemConfiguration.framework in Frameworks */,
				B619A451BB72B8DB9CA1FCCD /* libPods-newG-Bay.a in Frameworks */,
			);
			runOnlyForDeploymentPostprocessing = 0;
		};
		9CA60ADF1D693CA30081A5B5 /* Frameworks */ = {
			isa = PBXFrameworksBuildPhase;
			buildActionMask = 2147483647;
			files = (
			);
			runOnlyForDeploymentPostprocessing = 0;
		};
		9CA60AEA1D693CA30081A5B5 /* Frameworks */ = {
			isa = PBXFrameworksBuildPhase;
			buildActionMask = 2147483647;
			files = (
			);
			runOnlyForDeploymentPostprocessing = 0;
		};
/* End PBXFrameworksBuildPhase section */

/* Begin PBXGroup section */
		5253D968B8921061990CFFDB /* Frameworks */ = {
			isa = PBXGroup;
			children = (
				9C97E47F1D726CBD00C74DD6 /* MapKit.framework */,
				9C9EA0971D6FAC9900D76334 /* Photos.framework */,
				027B56D3FA2FBD8E524860D0 /* libPods-newG-Bay.a */,
			);
			name = Frameworks;
			sourceTree = "<group>";
		};
		6BC8517CA364791F20D2F356 /* Pods */ = {
			isa = PBXGroup;
			children = (
				632DF3EE1FF1A079E6933B54 /* Pods-newG-Bay.debug.xcconfig */,
				44D22E76E375D619D2A2A36D /* Pods-newG-Bay.release.xcconfig */,
			);
			name = Pods;
			sourceTree = "<group>";
		};
		9C113D371D768DCE009FA8F2 /* Source */ = {
			isa = PBXGroup;
			children = (
				9C113D381D768DCE009FA8F2 /* Animations */,
				9C113D441D768DCE009FA8F2 /* Assets */,
				9C113D471D768DCE009FA8F2 /* SlideNavigationController.h */,
				9C113D481D768DCE009FA8F2 /* SlideNavigationController.m */,
			);
			path = Source;
			sourceTree = "<group>";
		};
		9C113D381D768DCE009FA8F2 /* Animations */ = {
			isa = PBXGroup;
			children = (
				9C113D391D768DCE009FA8F2 /* SlideNavigationContorllerAnimator.h */,
				9C113D3A1D768DCE009FA8F2 /* SlideNavigationContorllerAnimatorFade.h */,
				9C113D3B1D768DCE009FA8F2 /* SlideNavigationContorllerAnimatorFade.m */,
				9C113D3C1D768DCE009FA8F2 /* SlideNavigationContorllerAnimatorScale.h */,
				9C113D3D1D768DCE009FA8F2 /* SlideNavigationContorllerAnimatorScale.m */,
				9C113D3E1D768DCE009FA8F2 /* SlideNavigationContorllerAnimatorScaleAndFade.h */,
				9C113D3F1D768DCE009FA8F2 /* SlideNavigationContorllerAnimatorScaleAndFade.m */,
				9C113D401D768DCE009FA8F2 /* SlideNavigationContorllerAnimatorSlide.h */,
				9C113D411D768DCE009FA8F2 /* SlideNavigationContorllerAnimatorSlide.m */,
				9C113D421D768DCE009FA8F2 /* SlideNavigationContorllerAnimatorSlideAndFade.h */,
				9C113D431D768DCE009FA8F2 /* SlideNavigationContorllerAnimatorSlideAndFade.m */,
			);
			path = Animations;
			sourceTree = "<group>";
		};
		9C113D441D768DCE009FA8F2 /* Assets */ = {
			isa = PBXGroup;
			children = (
				9C113D451D768DCE009FA8F2 /* menu-button.png */,
				9C113D461D768DCE009FA8F2 /* menu-button@2x.png */,
			);
			path = Assets;
			sourceTree = "<group>";
		};
		9CA60AC01D693CA30081A5B5 = {
			isa = PBXGroup;
			children = (
				9CA60ACB1D693CA30081A5B5 /* newG-Bay */,
				9CA60AE51D693CA30081A5B5 /* newG-BayTests */,
				9CA60AF01D693CA30081A5B5 /* newG-BayUITests */,
				9CA60ACA1D693CA30081A5B5 /* Products */,
				6BC8517CA364791F20D2F356 /* Pods */,
				5253D968B8921061990CFFDB /* Frameworks */,
			);
			sourceTree = "<group>";
		};
		9CA60ACA1D693CA30081A5B5 /* Products */ = {
			isa = PBXGroup;
			children = (
				9CA60AC91D693CA30081A5B5 /* newG-Bay.app */,
				9CA60AE21D693CA30081A5B5 /* newG-BayTests.xctest */,
				9CA60AED1D693CA30081A5B5 /* newG-BayUITests.xctest */,
			);
			name = Products;
			sourceTree = "<group>";
		};
		9CA60ACB1D693CA30081A5B5 /* newG-Bay */ = {
			isa = PBXGroup;
			children = (
				9C97E47D1D726C6C00C74DD6 /* newG-Bay.entitlements */,
				9CA60ACF1D693CA30081A5B5 /* AppDelegate.h */,
				9CA60AD01D693CA30081A5B5 /* AppDelegate.m */,
				9C9EA06E1D6B983300D76334 /* Constants.h */,
				9C9EA06F1D6B983300D76334 /* Constants.m */,
				9CA60AD21D693CA30081A5B5 /* ViewController.h */,
				9CA60AD31D693CA30081A5B5 /* ViewController.m */,
				9C9EA0671D6A7BB700D76334 /* MainViewController.h */,
				9C9EA0681D6A7BB700D76334 /* MainViewController.m */,
				9C113D511D76925F009FA8F2 /* LeftMenuViewController.h */,
				9C113D521D76925F009FA8F2 /* LeftMenuViewController.m */,
				9CA60AFF1D693CBC0081A5B5 /* ARCameraViewController.h */,
				9CA60B001D693CBC0081A5B5 /* ARCameraViewController.m */,
				9CA60B011D693CBC0081A5B5 /* DetailsViewController.h */,
				9CA60B021D693CBC0081A5B5 /* DetailsViewController.m */,
				9CBDCA7C1D7927E400690927 /* Views */,
				9CBDCA751D7927DF00690927 /* Models */,
				9CBDCA711D791CC100690927 /* CustomTagView */,
				9CBDCA4D1D78E98700690927 /* Cell */,
				9C9EA0711D6BAE8A00D76334 /* NewItemViewController.h */,
				9C9EA0721D6BAE8A00D76334 /* NewItemViewController.m */,
				9C9EA0931D6D185100D76334 /* YourItemTableViewController.h */,
				9C9EA0941D6D185100D76334 /* YourItemTableViewController.m */,
				9C97E4331D70DA3B00C74DD6 /* AllItemsTableViewController.h */,
				9C97E4311D70DA1C00C74DD6 /* AllItemsTableViewController.m */,
				9C97E4341D70DC1D00C74DD6 /* ItemMapViewController.h */,
				9C97E4351D70DC1D00C74DD6 /* ItemMapViewController.m */,
				9C113C291D73E132009FA8F2 /* MyCustomAnnotation.h */,
				9C113C2A1D73E132009FA8F2 /* MyCustomAnnotation.m */,
				9CBDCA6E1D78F0ED00690927 /* TGAnnotation.h */,
				9CBDCA6F1D78F0ED00690927 /* TGAnnotation.m */,
				9C113D371D768DCE009FA8F2 /* Source */,
				9CA60B071D693DB60081A5B5 /* PRAugmentedReality */,
				9CA60B051D693CE20081A5B5 /* Main.storyboard */,
				9CA60AD81D693CA30081A5B5 /* Assets.xcassets */,
				9CA60ADA1D693CA30081A5B5 /* LaunchScreen.storyboard */,
				9C9EA06C1D6B1EC800D76334 /* GoogleService-Info.plist */,
				9C97E47B1D7269EC00C74DD6 /* Info.plist */,
				9CA60ACC1D693CA30081A5B5 /* Supporting Files */,
			);
			path = "newG-Bay";
			sourceTree = "<group>";
		};
		9CA60ACC1D693CA30081A5B5 /* Supporting Files */ = {
			isa = PBXGroup;
			children = (
				9C113C3A1D7502C4009FA8F2 /* backgroundLogin.png */,
				9C113C2E1D74E4C6009FA8F2 /* pinAnnotation.png */,
				9CA60B2C1D693E640081A5B5 /* AVFoundation.framework */,
				9CA60B2D1D693E640081A5B5 /* CoreLocation.framework */,
				9CA60B2E1D693E640081A5B5 /* CoreMotion.framework */,
				9CA60B2F1D693E640081A5B5 /* Foundation.framework */,
				9CA60B311D693E640081A5B5 /* MobileCoreServices.framework */,
				9CA60B321D693E640081A5B5 /* QuartzCore.framework */,
				9CA60B331D693E640081A5B5 /* SystemConfiguration.framework */,
				9CA60ACD1D693CA30081A5B5 /* main.m */,
			);
			name = "Supporting Files";
			sourceTree = "<group>";
		};
		9CA60AE51D693CA30081A5B5 /* newG-BayTests */ = {
			isa = PBXGroup;
			children = (
				9CA60AE61D693CA30081A5B5 /* newG_BayTests.m */,
				9CA60AE81D693CA30081A5B5 /* Info.plist */,
			);
			path = "newG-BayTests";
			sourceTree = "<group>";
		};
		9CA60AF01D693CA30081A5B5 /* newG-BayUITests */ = {
			isa = PBXGroup;
			children = (
				9CA60AF11D693CA30081A5B5 /* newG_BayUITests.m */,
				9CA60AF31D693CA30081A5B5 /* Info.plist */,
			);
			path = "newG-BayUITests";
			sourceTree = "<group>";
		};
		9CA60B071D693DB60081A5B5 /* PRAugmentedReality */ = {
			isa = PBXGroup;
			children = (
				9CA60B081D693DB60081A5B5 /* Classes */,
				9CA60B1D1D693DB60081A5B5 /* LICENSE */,
			);
			path = PRAugmentedReality;
			sourceTree = "<group>";
		};
		9CA60B081D693DB60081A5B5 /* Classes */ = {
			isa = PBXGroup;
			children = (
				9CA60B091D693DB60081A5B5 /* AR */,
				9CA60B0F1D693DB60081A5B5 /* ARSettings.h */,
				9CA60B101D693DB60081A5B5 /* Graphics */,
				9CA60B161D693DB60081A5B5 /* Location */,
				9CA60B1B1D693DB60081A5B5 /* PRARManager.h */,
				9CA60B1C1D693DB60081A5B5 /* PRARManager.m */,
			);
			path = Classes;
			sourceTree = "<group>";
		};
		9CA60B091D693DB60081A5B5 /* AR */ = {
			isa = PBXGroup;
			children = (
				9CA60B0A1D693DB60081A5B5 /* ARController.h */,
				9CA60B0B1D693DB60081A5B5 /* ARController.m */,
				9CA60B0C1D693DB60081A5B5 /* ARObject.h */,
				9CA60B0D1D693DB60081A5B5 /* ARObject.m */,
				9CA60B0E1D693DB60081A5B5 /* ARObject.xib */,
			);
			path = AR;
			sourceTree = "<group>";
		};
		9CA60B101D693DB60081A5B5 /* Graphics */ = {
			isa = PBXGroup;
			children = (
				9CA60B111D693DB60081A5B5 /* ar_icon.png */,
				9CA60B121D693DB60081A5B5 /* ar_overlay.png */,
				9CA60B131D693DB60081A5B5 /* ar_overlay@2x.png */,
				9CA60B141D693DB60081A5B5 /* Radar.png */,
				9CA60B151D693DB60081A5B5 /* RadarMV.png */,
			);
			path = Graphics;
			sourceTree = "<group>";
		};
		9CA60B161D693DB60081A5B5 /* Location */ = {
			isa = PBXGroup;
			children = (
				9CA60B171D693DB60081A5B5 /* ARRadar.h */,
				9CA60B181D693DB60081A5B5 /* ARRadar.m */,
				9CA60B191D693DB60081A5B5 /* LocationMath.h */,
				9CA60B1A1D693DB60081A5B5 /* LocationMath.m */,
			);
			path = Location;
			sourceTree = "<group>";
		};
		9CBDCA4D1D78E98700690927 /* Cell */ = {
			isa = PBXGroup;
			children = (
				9CBDCA4E1D78E98700690927 /* AddressLocationCell.h */,
				9CBDCA4F1D78E98700690927 /* AddressLocationCell.m */,
				9CBDCA501D78E98700690927 /* AddressLocationCell.xib */,
				9CBDCA511D78E98700690927 /* AddressLocationDetail.xib */,
				9CBDCA521D78E98700690927 /* DetailLocationCell.h */,
				9CBDCA531D78E98700690927 /* DetailLocationCell.m */,
				9CBDCA541D78E98700690927 /* DetailLocationCell.xib */,
				9CBDCA551D78E98700690927 /* TipCell.h */,
				9CBDCA561D78E98700690927 /* TipCell.m */,
				9CBDCA571D78E98700690927 /* TipCell.xib */,
				9CBDCA691D78ECBC00690927 /* TipCells.h */,
				9CBDCA6A1D78ECBC00690927 /* TipCells.m */,
				9CBDCA6B1D78ECBC00690927 /* TipCells.xib */,
			);
			path = Cell;
			sourceTree = "<group>";
		};
		9CBDCA711D791CC100690927 /* CustomTagView */ = {
			isa = PBXGroup;
			children = (
				9CBDCA721D791CC100690927 /* ANTagsView.h */,
				9CBDCA731D791CC100690927 /* ANTagsView.m */,
			);
			path = CustomTagView;
			sourceTree = "<group>";
		};
		9CBDCA751D7927DF00690927 /* Models */ = {
			isa = PBXGroup;
			children = (
				9CBDCA761D7927DF00690927 /* AHTag.h */,
				9CBDCA771D7927DF00690927 /* AHTag.m */,
				9CBDCA781D7927DF00690927 /* TagGroups.h */,
				9CBDCA791D7927DF00690927 /* TagGroups.m */,
			);
			path = Models;
			sourceTree = "<group>";
		};
		9CBDCA7C1D7927E400690927 /* Views */ = {
			isa = PBXGroup;
			children = (
				9CBDCA7D1D7927E400690927 /* AHTagsLabel.h */,
				9CBDCA7E1D7927E400690927 /* AHTagsLabel.m */,
				9CBDCA7F1D7927E400690927 /* AHTagTableViewCell.h */,
				9CBDCA801D7927E400690927 /* AHTagTableViewCell.m */,
				9CBDCA811D7927E400690927 /* AHTagTableViewCell.xib */,
				9CBDCA821D7927E400690927 /* AHTagView.h */,
				9CBDCA831D7927E400690927 /* AHTagView.m */,
			);
			path = Views;
			sourceTree = "<group>";
		};
/* End PBXGroup section */

/* Begin PBXNativeTarget section */
		9CA60AC81D693CA30081A5B5 /* newG-Bay */ = {
			isa = PBXNativeTarget;
			buildConfigurationList = 9CA60AF61D693CA30081A5B5 /* Build configuration list for PBXNativeTarget "newG-Bay" */;
			buildPhases = (
				9DC090AC063F4EC3809EBD16 /* [CP] Check Pods Manifest.lock */,
				9CA60AC51D693CA30081A5B5 /* Sources */,
				9CA60AC61D693CA30081A5B5 /* Frameworks */,
				9CA60AC71D693CA30081A5B5 /* Resources */,
				54B6A099732CE676D62B1540 /* [CP] Embed Pods Frameworks */,
				96B39893EA5CE5F51731508B /* [CP] Copy Pods Resources */,
			);
			buildRules = (
			);
			dependencies = (
			);
			name = "newG-Bay";
			productName = "newG-Bay";
			productReference = 9CA60AC91D693CA30081A5B5 /* newG-Bay.app */;
			productType = "com.apple.product-type.application";
		};
		9CA60AE11D693CA30081A5B5 /* newG-BayTests */ = {
			isa = PBXNativeTarget;
			buildConfigurationList = 9CA60AF91D693CA30081A5B5 /* Build configuration list for PBXNativeTarget "newG-BayTests" */;
			buildPhases = (
				9CA60ADE1D693CA30081A5B5 /* Sources */,
				9CA60ADF1D693CA30081A5B5 /* Frameworks */,
				9CA60AE01D693CA30081A5B5 /* Resources */,
			);
			buildRules = (
			);
			dependencies = (
				9CA60AE41D693CA30081A5B5 /* PBXTargetDependency */,
			);
			name = "newG-BayTests";
			productName = "newG-BayTests";
			productReference = 9CA60AE21D693CA30081A5B5 /* newG-BayTests.xctest */;
			productType = "com.apple.product-type.bundle.unit-test";
		};
		9CA60AEC1D693CA30081A5B5 /* newG-BayUITests */ = {
			isa = PBXNativeTarget;
			buildConfigurationList = 9CA60AFC1D693CA30081A5B5 /* Build configuration list for PBXNativeTarget "newG-BayUITests" */;
			buildPhases = (
				9CA60AE91D693CA30081A5B5 /* Sources */,
				9CA60AEA1D693CA30081A5B5 /* Frameworks */,
				9CA60AEB1D693CA30081A5B5 /* Resources */,
			);
			buildRules = (
			);
			dependencies = (
				9CA60AEF1D693CA30081A5B5 /* PBXTargetDependency */,
			);
			name = "newG-BayUITests";
			productName = "newG-BayUITests";
			productReference = 9CA60AED1D693CA30081A5B5 /* newG-BayUITests.xctest */;
			productType = "com.apple.product-type.bundle.ui-testing";
		};
/* End PBXNativeTarget section */

/* Begin PBXProject section */
		9CA60AC11D693CA30081A5B5 /* Project object */ = {
			isa = PBXProject;
			attributes = {
				LastUpgradeCheck = 0730;
				ORGANIZATIONNAME = "Grant Arrowood";
				TargetAttributes = {
					9CA60AC81D693CA30081A5B5 = {
						CreatedOnToolsVersion = 7.3.1;
						DevelopmentTeam = 4VLU4CB777;
						SystemCapabilities = {
							com.apple.Keychain = {
								enabled = 1;
							};
							com.apple.Maps.iOS = {
								enabled = 1;
							};
						};
					};
					9CA60AE11D693CA30081A5B5 = {
						CreatedOnToolsVersion = 7.3.1;
						TestTargetID = 9CA60AC81D693CA30081A5B5;
					};
					9CA60AEC1D693CA30081A5B5 = {
						CreatedOnToolsVersion = 7.3.1;
						TestTargetID = 9CA60AC81D693CA30081A5B5;
					};
				};
			};
			buildConfigurationList = 9CA60AC41D693CA30081A5B5 /* Build configuration list for PBXProject "newG-Bay" */;
			compatibilityVersion = "Xcode 3.2";
			developmentRegion = English;
			hasScannedForEncodings = 0;
			knownRegions = (
				en,
				Base,
			);
			mainGroup = 9CA60AC01D693CA30081A5B5;
			productRefGroup = 9CA60ACA1D693CA30081A5B5 /* Products */;
			projectDirPath = "";
			projectRoot = "";
			targets = (
				9CA60AC81D693CA30081A5B5 /* newG-Bay */,
				9CA60AE11D693CA30081A5B5 /* newG-BayTests */,
				9CA60AEC1D693CA30081A5B5 /* newG-BayUITests */,
			);
		};
/* End PBXProject section */

/* Begin PBXResourcesBuildPhase section */
		9CA60AC71D693CA30081A5B5 /* Resources */ = {
			isa = PBXResourcesBuildPhase;
			buildActionMask = 2147483647;
			files = (
				9C113C2F1D74E4C6009FA8F2 /* pinAnnotation.png in Resources */,
				9CBDCA5C1D78E98700690927 /* AddressLocationCell.xib in Resources */,
				9CBDCA5F1D78E98700690927 /* DetailLocationCell.xib in Resources */,
				9CBDCA861D7927E400690927 /* AHTagTableViewCell.xib in Resources */,
				9CBDCA5D1D78E98700690927 /* AddressLocationDetail.xib in Resources */,
				9CA60ADC1D693CA30081A5B5 /* LaunchScreen.storyboard in Resources */,
				9CBDCA611D78E98700690927 /* TipCell.xib in Resources */,
				9C113C3B1D7502C4009FA8F2 /* backgroundLogin.png in Resources */,
				9CBDCA6D1D78ECBC00690927 /* TipCells.xib in Resources */,
				9CA60AD91D693CA30081A5B5 /* Assets.xcassets in Resources */,
				9CA60B061D693CE20081A5B5 /* Main.storyboard in Resources */,
				9CA60B221D693DB60081A5B5 /* ar_icon.png in Resources */,
				9CA60B2A1D693DB60081A5B5 /* LICENSE in Resources */,
				9C97E47E1D726C6C00C74DD6 /* newG-Bay.entitlements in Resources */,
				9CA60B241D693DB60081A5B5 /* ar_overlay@2x.png in Resources */,
				9C9EA06D1D6B1EC800D76334 /* GoogleService-Info.plist in Resources */,
				9CA60B211D693DB60081A5B5 /* ARObject.xib in Resources */,
				9C113D4E1D768DCE009FA8F2 /* menu-button.png in Resources */,
				9CA60B261D693DB60081A5B5 /* RadarMV.png in Resources */,
				9C113D4F1D768DCE009FA8F2 /* menu-button@2x.png in Resources */,
				9CA60B251D693DB60081A5B5 /* Radar.png in Resources */,
				9CA60B231D693DB60081A5B5 /* ar_overlay.png in Resources */,
			);
			runOnlyForDeploymentPostprocessing = 0;
		};
		9CA60AE01D693CA30081A5B5 /* Resources */ = {
			isa = PBXResourcesBuildPhase;
			buildActionMask = 2147483647;
			files = (
			);
			runOnlyForDeploymentPostprocessing = 0;
		};
		9CA60AEB1D693CA30081A5B5 /* Resources */ = {
			isa = PBXResourcesBuildPhase;
			buildActionMask = 2147483647;
			files = (
			);
			runOnlyForDeploymentPostprocessing = 0;
		};
/* End PBXResourcesBuildPhase section */

/* Begin PBXShellScriptBuildPhase section */
		54B6A099732CE676D62B1540 /* [CP] Embed Pods Frameworks */ = {
			isa = PBXShellScriptBuildPhase;
			buildActionMask = 2147483647;
			files = (
			);
			inputPaths = (
			);
			name = "[CP] Embed Pods Frameworks";
			outputPaths = (
			);
			runOnlyForDeploymentPostprocessing = 0;
			shellPath = /bin/sh;
			shellScript = "\"${SRCROOT}/Pods/Target Support Files/Pods-newG-Bay/Pods-newG-Bay-frameworks.sh\"\n";
			showEnvVarsInLog = 0;
		};
		96B39893EA5CE5F51731508B /* [CP] Copy Pods Resources */ = {
			isa = PBXShellScriptBuildPhase;
			buildActionMask = 2147483647;
			files = (
			);
			inputPaths = (
			);
			name = "[CP] Copy Pods Resources";
			outputPaths = (
			);
			runOnlyForDeploymentPostprocessing = 0;
			shellPath = /bin/sh;
			shellScript = "\"${SRCROOT}/Pods/Target Support Files/Pods-newG-Bay/Pods-newG-Bay-resources.sh\"\n";
			showEnvVarsInLog = 0;
		};
		9DC090AC063F4EC3809EBD16 /* [CP] Check Pods Manifest.lock */ = {
			isa = PBXShellScriptBuildPhase;
			buildActionMask = 2147483647;
			files = (
			);
			inputPaths = (
			);
			name = "[CP] Check Pods Manifest.lock";
			outputPaths = (
			);
			runOnlyForDeploymentPostprocessing = 0;
			shellPath = /bin/sh;
			shellScript = "diff \"${PODS_ROOT}/../Podfile.lock\" \"${PODS_ROOT}/Manifest.lock\" > /dev/null\nif [[ $? != 0 ]] ; then\n    cat << EOM\nerror: The sandbox is not in sync with the Podfile.lock. Run 'pod install' or update your CocoaPods installation.\nEOM\n    exit 1\nfi\n";
			showEnvVarsInLog = 0;
		};
/* End PBXShellScriptBuildPhase section */

/* Begin PBXSourcesBuildPhase section */
		9CA60AC51D693CA30081A5B5 /* Sources */ = {
			isa = PBXSourcesBuildPhase;
			buildActionMask = 2147483647;
			files = (
				9C113D491D768DCE009FA8F2 /* SlideNavigationContorllerAnimatorFade.m in Sources */,
				9CA60B1F1D693DB60081A5B5 /* ARController.m in Sources */,
				9CBDCA7B1D7927DF00690927 /* TagGroups.m in Sources */,
				9CA60B271D693DB60081A5B5 /* ARRadar.m in Sources */,
				9C97E4361D70DC1D00C74DD6 /* ItemMapViewController.m in Sources */,
				9C113D4D1D768DCE009FA8F2 /* SlideNavigationContorllerAnimatorSlideAndFade.m in Sources */,
				9CBDCA6C1D78ECBC00690927 /* TipCells.m in Sources */,
				9CBDCA5B1D78E98700690927 /* AddressLocationCell.m in Sources */,
				9CA60B281D693DB60081A5B5 /* LocationMath.m in Sources */,
				9C113D4B1D768DCE009FA8F2 /* SlideNavigationContorllerAnimatorScaleAndFade.m in Sources */,
				9CA60AD41D693CA30081A5B5 /* ViewController.m in Sources */,
				9C113C2B1D73E132009FA8F2 /* MyCustomAnnotation.m in Sources */,
				9C97E4321D70DA1C00C74DD6 /* AllItemsTableViewController.m in Sources */,
				9C113D531D76925F009FA8F2 /* LeftMenuViewController.m in Sources */,
				9C9EA0691D6A7BB700D76334 /* MainViewController.m in Sources */,
				9C9EA0701D6B983300D76334 /* Constants.m in Sources */,
				9C9EA0731D6BAE8A00D76334 /* NewItemViewController.m in Sources */,
				9CBDCA7A1D7927DF00690927 /* AHTag.m in Sources */,
				9CA60B291D693DB60081A5B5 /* PRARManager.m in Sources */,
				9CA60B201D693DB60081A5B5 /* ARObject.m in Sources */,
				9CA60B041D693CBC0081A5B5 /* DetailsViewController.m in Sources */,
				9C113D4A1D768DCE009FA8F2 /* SlideNavigationContorllerAnimatorScale.m in Sources */,
				9CBDCA871D7927E400690927 /* AHTagView.m in Sources */,
				9CA60AD11D693CA30081A5B5 /* AppDelegate.m in Sources */,
				9CBDCA841D7927E400690927 /* AHTagsLabel.m in Sources */,
				9C113D501D768DCE009FA8F2 /* SlideNavigationController.m in Sources */,
				9CA60B031D693CBC0081A5B5 /* ARCameraViewController.m in Sources */,
				9C9EA0951D6D185100D76334 /* YourItemTableViewController.m in Sources */,
				9CBDCA5E1D78E98700690927 /* DetailLocationCell.m in Sources */,
				9CBDCA701D78F0ED00690927 /* TGAnnotation.m in Sources */,
				9CBDCA851D7927E400690927 /* AHTagTableViewCell.m in Sources */,
				9CBDCA601D78E98700690927 /* TipCell.m in Sources */,
				9CA60ACE1D693CA30081A5B5 /* main.m in Sources */,
				9CBDCA741D791CC100690927 /* ANTagsView.m in Sources */,
				9C113D4C1D768DCE009FA8F2 /* SlideNavigationContorllerAnimatorSlide.m in Sources */,
			);
			runOnlyForDeploymentPostprocessing = 0;
		};
		9CA60ADE1D693CA30081A5B5 /* Sources */ = {
			isa = PBXSourcesBuildPhase;
			buildActionMask = 2147483647;
			files = (
				9CA60AE71D693CA30081A5B5 /* newG_BayTests.m in Sources */,
			);
			runOnlyForDeploymentPostprocessing = 0;
		};
		9CA60AE91D693CA30081A5B5 /* Sources */ = {
			isa = PBXSourcesBuildPhase;
			buildActionMask = 2147483647;
			files = (
				9CA60AF21D693CA30081A5B5 /* newG_BayUITests.m in Sources */,
			);
			runOnlyForDeploymentPostprocessing = 0;
		};
/* End PBXSourcesBuildPhase section */

/* Begin PBXTargetDependency section */
		9CA60AE41D693CA30081A5B5 /* PBXTargetDependency */ = {
			isa = PBXTargetDependency;
			target = 9CA60AC81D693CA30081A5B5 /* newG-Bay */;
			targetProxy = 9CA60AE31D693CA30081A5B5 /* PBXContainerItemProxy */;
		};
		9CA60AEF1D693CA30081A5B5 /* PBXTargetDependency */ = {
			isa = PBXTargetDependency;
			target = 9CA60AC81D693CA30081A5B5 /* newG-Bay */;
			targetProxy = 9CA60AEE1D693CA30081A5B5 /* PBXContainerItemProxy */;
		};
/* End PBXTargetDependency section */

/* Begin PBXVariantGroup section */
		9CA60ADA1D693CA30081A5B5 /* LaunchScreen.storyboard */ = {
			isa = PBXVariantGroup;
			children = (
				9CA60ADB1D693CA30081A5B5 /* Base */,
			);
			name = LaunchScreen.storyboard;
			sourceTree = "<group>";
		};
/* End PBXVariantGroup section */

/* Begin XCBuildConfiguration section */
		9CA60AF41D693CA30081A5B5 /* Debug */ = {
			isa = XCBuildConfiguration;
			buildSettings = {
				ALWAYS_SEARCH_USER_PATHS = NO;
				CLANG_ANALYZER_NONNULL = YES;
				CLANG_CXX_LANGUAGE_STANDARD = "gnu++0x";
				CLANG_CXX_LIBRARY = "libc++";
				CLANG_ENABLE_MODULES = YES;
				CLANG_ENABLE_OBJC_ARC = YES;
				CLANG_WARN_BOOL_CONVERSION = YES;
				CLANG_WARN_CONSTANT_CONVERSION = YES;
				CLANG_WARN_DIRECT_OBJC_ISA_USAGE = YES_ERROR;
				CLANG_WARN_EMPTY_BODY = YES;
				CLANG_WARN_ENUM_CONVERSION = YES;
				CLANG_WARN_INT_CONVERSION = YES;
				CLANG_WARN_OBJC_ROOT_CLASS = YES_ERROR;
				CLANG_WARN_UNREACHABLE_CODE = YES;
				CLANG_WARN__DUPLICATE_METHOD_MATCH = YES;
				CODE_SIGN_ENTITLEMENTS = "";
				CODE_SIGN_IDENTITY = "iPhone Developer: grant.arrowood@mac.com (Z34C94WM6D)";
				"CODE_SIGN_IDENTITY[sdk=iphoneos*]" = "iPhone Developer: grant.arrowood@mac.com (Z34C94WM6D)";
				COPY_PHASE_STRIP = NO;
				DEBUG_INFORMATION_FORMAT = dwarf;
				ENABLE_STRICT_OBJC_MSGSEND = YES;
				ENABLE_TESTABILITY = YES;
				GCC_C_LANGUAGE_STANDARD = gnu99;
				GCC_DYNAMIC_NO_PIC = NO;
				GCC_NO_COMMON_BLOCKS = YES;
				GCC_OPTIMIZATION_LEVEL = 0;
				GCC_PREPROCESSOR_DEFINITIONS = (
					"DEBUG=1",
					"$(inherited)",
				);
				GCC_WARN_64_TO_32_BIT_CONVERSION = YES;
				GCC_WARN_ABOUT_RETURN_TYPE = YES_ERROR;
				GCC_WARN_UNDECLARED_SELECTOR = YES;
				GCC_WARN_UNINITIALIZED_AUTOS = YES_AGGRESSIVE;
				GCC_WARN_UNUSED_FUNCTION = YES;
				GCC_WARN_UNUSED_VARIABLE = YES;
				IPHONEOS_DEPLOYMENT_TARGET = 9.3;
				MTL_ENABLE_DEBUG_INFO = YES;
				ONLY_ACTIVE_ARCH = YES;
				PROVISIONING_PROFILE = "";
				SDKROOT = iphoneos;
			};
			name = Debug;
		};
		9CA60AF51D693CA30081A5B5 /* Release */ = {
			isa = XCBuildConfiguration;
			buildSettings = {
				ALWAYS_SEARCH_USER_PATHS = NO;
				CLANG_ANALYZER_NONNULL = YES;
				CLANG_CXX_LANGUAGE_STANDARD = "gnu++0x";
				CLANG_CXX_LIBRARY = "libc++";
				CLANG_ENABLE_MODULES = YES;
				CLANG_ENABLE_OBJC_ARC = YES;
				CLANG_WARN_BOOL_CONVERSION = YES;
				CLANG_WARN_CONSTANT_CONVERSION = YES;
				CLANG_WARN_DIRECT_OBJC_ISA_USAGE = YES_ERROR;
				CLANG_WARN_EMPTY_BODY = YES;
				CLANG_WARN_ENUM_CONVERSION = YES;
				CLANG_WARN_INT_CONVERSION = YES;
				CLANG_WARN_OBJC_ROOT_CLASS = YES_ERROR;
				CLANG_WARN_UNREACHABLE_CODE = YES;
				CLANG_WARN__DUPLICATE_METHOD_MATCH = YES;
				CODE_SIGN_ENTITLEMENTS = "";
				CODE_SIGN_IDENTITY = "iPhone Developer: grant.arrowood@mac.com (Z34C94WM6D)";
				"CODE_SIGN_IDENTITY[sdk=iphoneos*]" = "iPhone Developer: grant.arrowood@mac.com (Z34C94WM6D)";
				COPY_PHASE_STRIP = NO;
				DEBUG_INFORMATION_FORMAT = "dwarf-with-dsym";
				ENABLE_NS_ASSERTIONS = NO;
				ENABLE_STRICT_OBJC_MSGSEND = YES;
				GCC_C_LANGUAGE_STANDARD = gnu99;
				GCC_NO_COMMON_BLOCKS = YES;
				GCC_WARN_64_TO_32_BIT_CONVERSION = YES;
				GCC_WARN_ABOUT_RETURN_TYPE = YES_ERROR;
				GCC_WARN_UNDECLARED_SELECTOR = YES;
				GCC_WARN_UNINITIALIZED_AUTOS = YES_AGGRESSIVE;
				GCC_WARN_UNUSED_FUNCTION = YES;
				GCC_WARN_UNUSED_VARIABLE = YES;
				IPHONEOS_DEPLOYMENT_TARGET = 9.3;
				MTL_ENABLE_DEBUG_INFO = NO;
				PROVISIONING_PROFILE = "";
				SDKROOT = iphoneos;
				VALIDATE_PRODUCT = YES;
			};
			name = Release;
		};
		9CA60AF71D693CA30081A5B5 /* Debug */ = {
			isa = XCBuildConfiguration;
			baseConfigurationReference = 632DF3EE1FF1A079E6933B54 /* Pods-newG-Bay.debug.xcconfig */;
			buildSettings = {
				ASSETCATALOG_COMPILER_APPICON_NAME = AppIcon;
				CODE_SIGN_ENTITLEMENTS = "newG-Bay/newG-Bay.entitlements";
				CODE_SIGN_IDENTITY = "iPhone Developer";
				"CODE_SIGN_IDENTITY[sdk=iphoneos*]" = "iPhone Developer";
				DEBUG_INFORMATION_FORMAT = "dwarf-with-dsym";
				FRAMEWORK_SEARCH_PATHS = (
					"$(inherited)",
					"$(PROJECT_DIR)/newG-Bay",
					"$(PROJECT_DIR)/newG-Bay/Sdk/Aws",
					"$(PROJECT_DIR)/newG-Bay/Sdk/Aws/extras",
					"$(PROJECT_DIR)/newG-Bay/Sdk/Google",
				);
				INFOPLIST_FILE = "newG-Bay/Info.plist";
				LD_RUNPATH_SEARCH_PATHS = "$(inherited) @executable_path/Frameworks";
				LIBRARY_SEARCH_PATHS = (
					"$(inherited)",
					"$(PROJECT_DIR)/newG-Bay",
				);
				PRODUCT_BUNDLE_IDENTIFIER = "com.gbay.newG-Bay";
				PRODUCT_NAME = "$(TARGET_NAME)";
				PROVISIONING_PROFILE = "";
				TARGETED_DEVICE_FAMILY = 1;
			};
			name = Debug;
		};
		9CA60AF81D693CA30081A5B5 /* Release */ = {
			isa = XCBuildConfiguration;
			baseConfigurationReference = 44D22E76E375D619D2A2A36D /* Pods-newG-Bay.release.xcconfig */;
			buildSettings = {
				ASSETCATALOG_COMPILER_APPICON_NAME = AppIcon;
				CODE_SIGN_ENTITLEMENTS = "newG-Bay/newG-Bay.entitlements";
				CODE_SIGN_IDENTITY = "iPhone Developer";
				"CODE_SIGN_IDENTITY[sdk=iphoneos*]" = "iPhone Developer";
				DEBUG_INFORMATION_FORMAT = "dwarf-with-dsym";
				FRAMEWORK_SEARCH_PATHS = (
					"$(inherited)",
					"$(PROJECT_DIR)/newG-Bay",
					"$(PROJECT_DIR)/newG-Bay/Sdk/Aws",
					"$(PROJECT_DIR)/newG-Bay/Sdk/Aws/extras",
					"$(PROJECT_DIR)/newG-Bay/Sdk/Google",
				);
				INFOPLIST_FILE = "newG-Bay/Info.plist";
				LD_RUNPATH_SEARCH_PATHS = "$(inherited) @executable_path/Frameworks";
				LIBRARY_SEARCH_PATHS = (
					"$(inherited)",
					"$(PROJECT_DIR)/newG-Bay",
				);
				PRODUCT_BUNDLE_IDENTIFIER = "com.gbay.newG-Bay";
				PRODUCT_NAME = "$(TARGET_NAME)";
				PROVISIONING_PROFILE = "";
				TARGETED_DEVICE_FAMILY = 1;
			};
			name = Release;
		};
		9CA60AFA1D693CA30081A5B5 /* Debug */ = {
			isa = XCBuildConfiguration;
			buildSettings = {
				BUNDLE_LOADER = "$(TEST_HOST)";
				INFOPLIST_FILE = "newG-BayTests/Info.plist";
				LD_RUNPATH_SEARCH_PATHS = "$(inherited) @executable_path/Frameworks @loader_path/Frameworks";
				PRODUCT_BUNDLE_IDENTIFIER = "com.newGBay.newG-BayTests";
				PRODUCT_NAME = "$(TARGET_NAME)";
				TEST_HOST = "$(BUILT_PRODUCTS_DIR)/newG-Bay.app/newG-Bay";
			};
			name = Debug;
		};
		9CA60AFB1D693CA30081A5B5 /* Release */ = {
			isa = XCBuildConfiguration;
			buildSettings = {
				BUNDLE_LOADER = "$(TEST_HOST)";
				INFOPLIST_FILE = "newG-BayTests/Info.plist";
				LD_RUNPATH_SEARCH_PATHS = "$(inherited) @executable_path/Frameworks @loader_path/Frameworks";
				PRODUCT_BUNDLE_IDENTIFIER = "com.newGBay.newG-BayTests";
				PRODUCT_NAME = "$(TARGET_NAME)";
				TEST_HOST = "$(BUILT_PRODUCTS_DIR)/newG-Bay.app/newG-Bay";
			};
			name = Release;
		};
		9CA60AFD1D693CA30081A5B5 /* Debug */ = {
			isa = XCBuildConfiguration;
			buildSettings = {
				INFOPLIST_FILE = "newG-BayUITests/Info.plist";
				LD_RUNPATH_SEARCH_PATHS = "$(inherited) @executable_path/Frameworks @loader_path/Frameworks";
				PRODUCT_BUNDLE_IDENTIFIER = "com.newGBay.newG-BayUITests";
				PRODUCT_NAME = "$(TARGET_NAME)";
				TEST_TARGET_NAME = "newG-Bay";
			};
			name = Debug;
		};
		9CA60AFE1D693CA30081A5B5 /* Release */ = {
			isa = XCBuildConfiguration;
			buildSettings = {
				INFOPLIST_FILE = "newG-BayUITests/Info.plist";
				LD_RUNPATH_SEARCH_PATHS = "$(inherited) @executable_path/Frameworks @loader_path/Frameworks";
				PRODUCT_BUNDLE_IDENTIFIER = "com.newGBay.newG-BayUITests";
				PRODUCT_NAME = "$(TARGET_NAME)";
				TEST_TARGET_NAME = "newG-Bay";
			};
			name = Release;
		};
/* End XCBuildConfiguration section */

/* Begin XCConfigurationList section */
		9CA60AC41D693CA30081A5B5 /* Build configuration list for PBXProject "newG-Bay" */ = {
			isa = XCConfigurationList;
			buildConfigurations = (
				9CA60AF41D693CA30081A5B5 /* Debug */,
				9CA60AF51D693CA30081A5B5 /* Release */,
			);
			defaultConfigurationIsVisible = 0;
			defaultConfigurationName = Debug;
		};
		9CA60AF61D693CA30081A5B5 /* Build configuration list for PBXNativeTarget "newG-Bay" */ = {
			isa = XCConfigurationList;
			buildConfigurations = (
				9CA60AF71D693CA30081A5B5 /* Debug */,
				9CA60AF81D693CA30081A5B5 /* Release */,
			);
			defaultConfigurationIsVisible = 0;
			defaultConfigurationName = Debug;
		};
		9CA60AF91D693CA30081A5B5 /* Build configuration list for PBXNativeTarget "newG-BayTests" */ = {
			isa = XCConfigurationList;
			buildConfigurations = (
				9CA60AFA1D693CA30081A5B5 /* Debug */,
				9CA60AFB1D693CA30081A5B5 /* Release */,
			);
			defaultConfigurationIsVisible = 0;
			defaultConfigurationName = Debug;
		};
		9CA60AFC1D693CA30081A5B5 /* Build configuration list for PBXNativeTarget "newG-BayUITests" */ = {
			isa = XCConfigurationList;
			buildConfigurations = (
				9CA60AFD1D693CA30081A5B5 /* Debug */,
				9CA60AFE1D693CA30081A5B5 /* Release */,
			);
			defaultConfigurationIsVisible = 0;
			defaultConfigurationName = Debug;
		};
/* End XCConfigurationList section */
	};
	rootObject = 9CA60AC11D693CA30081A5B5 /* Project object */;
}
